// !$*UTF8*$!
{
	archiveVersion = 1;
	classes = {
	};
	objectVersion = 50;
	objects = {

/* Begin PBXBuildFile section */
		36FB619B25EF190500859FAD /* AppDelegate.swift in Sources */ = {isa = PBXBuildFile; fileRef = 36FB619A25EF190500859FAD /* AppDelegate.swift */; };
		36FB619D25EF190500859FAD /* SceneDelegate.swift in Sources */ = {isa = PBXBuildFile; fileRef = 36FB619C25EF190500859FAD /* SceneDelegate.swift */; };
		36FB619F25EF190500859FAD /* ViewController.swift in Sources */ = {isa = PBXBuildFile; fileRef = 36FB619E25EF190500859FAD /* ViewController.swift */; };
		36FB61A225EF190500859FAD /* Main.storyboard in Resources */ = {isa = PBXBuildFile; fileRef = 36FB61A025EF190500859FAD /* Main.storyboard */; };
		36FB61A525EF190500859FAD /* DataCoreSample.xcdatamodeld in Sources */ = {isa = PBXBuildFile; fileRef = 36FB61A325EF190500859FAD /* DataCoreSample.xcdatamodeld */; };
		36FB61A725EF190600859FAD /* Assets.xcassets in Resources */ = {isa = PBXBuildFile; fileRef = 36FB61A625EF190600859FAD /* Assets.xcassets */; };
		36FB61AA25EF190600859FAD /* LaunchScreen.storyboard in Resources */ = {isa = PBXBuildFile; fileRef = 36FB61A825EF190600859FAD /* LaunchScreen.storyboard */; };
/* End PBXBuildFile section */

/* Begin PBXFileReference section */
		36FB619725EF190500859FAD /* DataCoreSample.app */ = {isa = PBXFileReference; explicitFileType = wrapper.application; includeInIndex = 0; path = DataCoreSample.app; sourceTree = BUILT_PRODUCTS_DIR; };
		36FB619A25EF190500859FAD /* AppDelegate.swift */ = {isa = PBXFileReference; lastKnownFileType = sourcecode.swift; path = AppDelegate.swift; sourceTree = "<group>"; };
		36FB619C25EF190500859FAD /* SceneDelegate.swift */ = {isa = PBXFileReference; lastKnownFileType = sourcecode.swift; path = SceneDelegate.swift; sourceTree = "<group>"; };
		36FB619E25EF190500859FAD /* ViewController.swift */ = {isa = PBXFileReference; lastKnownFileType = sourcecode.swift; path = ViewController.swift; sourceTree = "<group>"; };
		36FB61A125EF190500859FAD /* Base */ = {isa = PBXFileReference; lastKnownFileType = file.storyboard; name = Base; path = Base.lproj/Main.storyboard; sourceTree = "<group>"; };
		36FB61A425EF190500859FAD /* DataCoreSample.xcdatamodel */ = {isa = PBXFileReference; lastKnownFileType = wrapper.xcdatamodel; path = DataCoreSample.xcdatamodel; sourceTree = "<group>"; };
		36FB61A625EF190600859FAD /* Assets.xcassets */ = {isa = PBXFileReference; lastKnownFileType = folder.assetcatalog; path = Assets.xcassets; sourceTree = "<group>"; };
		36FB61A925EF190600859FAD /* Base */ = {isa = PBXFileReference; lastKnownFileType = file.storyboard; name = Base; path = Base.lproj/LaunchScreen.storyboard; sourceTree = "<group>"; };
		36FB61AB25EF190600859FAD /* Info.plist */ = {isa = PBXFileReference; lastKnownFileType = text.plist.xml; path = Info.plist; sourceTree = "<group>"; };
/* End PBXFileReference section */

/* Begin PBXFrameworksBuildPhase section */
		36FB619425EF190500859FAD /* Frameworks */ = {
			isa = PBXFrameworksBuildPhase;
			buildActionMask = 2147483647;
			files = (
			);
			runOnlyForDeploymentPostprocessing = 0;
		};
/* End PBXFrameworksBuildPhase section */

/* Begin PBXGroup section */
		36FB618E25EF190500859FAD = {
			isa = PBXGroup;
			children = (
				36FB619925EF190500859FAD /* DataCoreSample */,
				36FB619825EF190500859FAD /* Products */,
			);
			sourceTree = "<group>";
		};
		36FB619825EF190500859FAD /* Products */ = {
			isa = PBXGroup;
			children = (
				36FB619725EF190500859FAD /* DataCoreSample.app */,
			);
			name = Products;
			sourceTree = "<group>";
		};
		36FB619925EF190500859FAD /* DataCoreSample */ = {
			isa = PBXGroup;
			children = (
				36FB619A25EF190500859FAD /* AppDelegate.swift */,
				36FB619C25EF190500859FAD /* SceneDelegate.swift */,
				36FB619E25EF190500859FAD /* ViewController.swift */,
				36FB61A025EF190500859FAD /* Main.storyboard */,
				36FB61A625EF190600859FAD /* Assets.xcassets */,
				36FB61A825EF190600859FAD /* LaunchScreen.storyboard */,
				36FB61AB25EF190600859FAD /* Info.plist */,
				36FB61A325EF190500859FAD /* DataCoreSample.xcdatamodeld */,
			);
			path = DataCoreSample;
			sourceTree = "<group>";
		};
/* End PBXGroup section */

/* Begin PBXNativeTarget section */
		36FB619625EF190500859FAD /* DataCoreSample */ = {
			isa = PBXNativeTarget;
			buildConfigurationList = 36FB61AE25EF190600859FAD /* Build configuration list for PBXNativeTarget "DataCoreSample" */;
			buildPhases = (
				36FB619325EF190500859FAD /* Sources */,
				36FB619425EF190500859FAD /* Frameworks */,
				36FB619525EF190500859FAD /* Resources */,
			);
			buildRules = (
			);
			dependencies = (
			);
			name = DataCoreSample;
			productName = DataCoreSample;
			productReference = 36FB619725EF190500859FAD /* DataCoreSample.app */;
			productType = "com.apple.product-type.application";
		};
/* End PBXNativeTarget section */

/* Begin PBXProject section */
		36FB618F25EF190500859FAD /* Project object */ = {
			isa = PBXProject;
			attributes = {
				LastSwiftUpdateCheck = 1240;
				LastUpgradeCheck = 1240;
				TargetAttributes = {
					36FB619625EF190500859FAD = {
						CreatedOnToolsVersion = 12.4;
					};
				};
			};
			buildConfigurationList = 36FB619225EF190500859FAD /* Build configuration list for PBXProject "DataCoreSample" */;
			compatibilityVersion = "Xcode 9.3";
			developmentRegion = en;
			hasScannedForEncodings = 0;
			knownRegions = (
				en,
				Base,
			);
			mainGroup = 36FB618E25EF190500859FAD;
			productRefGroup = 36FB619825EF190500859FAD /* Products */;
			projectDirPath = "";
			projectRoot = "";
			targets = (
				36FB619625EF190500859FAD /* DataCoreSample */,
			);
		};
/* End PBXProject section */

/* Begin PBXResourcesBuildPhase section */
		36FB619525EF190500859FAD /* Resources */ = {
			isa = PBXResourcesBuildPhase;
			buildActionMask = 2147483647;
			files = (
				36FB61AA25EF190600859FAD /* LaunchScreen.storyboard in Resources */,
				36FB61A725EF190600859FAD /* Assets.xcassets in Resources */,
				36FB61A225EF190500859FAD /* Main.storyboard in Resources */,
			);
			runOnlyForDeploymentPostprocessing = 0;
		};
/* End PBXResourcesBuildPhase section */

/* Begin PBXSourcesBuildPhase section */
		36FB619325EF190500859FAD /* Sources */ = {
			isa = PBXSourcesBuildPhase;
			buildActionMask = 2147483647;
			files = (
				36FB61A525EF190500859FAD /* DataCoreSample.xcdatamodeld in Sources */,
				36FB619F25EF190500859FAD /* ViewController.swift in Sources */,
				36FB619B25EF190500859FAD /* AppDelegate.swift in Sources */,
				36FB619D25EF190500859FAD /* SceneDelegate.swift in Sources */,
			);
			runOnlyForDeploymentPostprocessing = 0;
		};
/* End PBXSourcesBuildPhase section */

/* Begin PBXVariantGroup section */
		36FB61A025EF190500859FAD /* Main.storyboard */ = {
			isa = PBXVariantGroup;
			children = (
				36FB61A125EF190500859FAD /* Base */,
			);
			name = Main.storyboard;
			sourceTree = "<group>";
		};
		36FB61A825EF190600859FAD /* LaunchScreen.storyboard */ = {
			isa = PBXVariantGroup;
			children = (
				36FB61A925EF190600859FAD /* Base */,
			);
			name = LaunchScreen.storyboard;
			sourceTree = "<group>";
		};
/* End PBXVariantGroup section */

/* Begin XCBuildConfiguration section */
		36FB61AC25EF190600859FAD /* Debug */ = {
			isa = XCBuildConfiguration;
			buildSettings = {
				ALWAYS_SEARCH_USER_PATHS = NO;
				CLANG_ANALYZER_NONNULL = YES;
				CLANG_ANALYZER_NUMBER_OBJECT_CONVERSION = YES_AGGRESSIVE;
				CLANG_CXX_LANGUAGE_STANDARD = "gnu++14";
				CLANG_CXX_LIBRARY = "libc++";
				CLANG_ENABLE_MODULES = YES;
				CLANG_ENABLE_OBJC_ARC = YES;
				CLANG_ENABLE_OBJC_WEAK = YES;
				CLANG_WARN_BLOCK_CAPTURE_AUTORELEASING = YES;
				CLANG_WARN_BOOL_CONVERSION = YES;
				CLANG_WARN_COMMA = YES;
				CLANG_WARN_CONSTANT_CONVERSION = YES;
				CLANG_WARN_DEPRECATED_OBJC_IMPLEMENTATIONS = YES;
				CLANG_WARN_DIRECT_OBJC_ISA_USAGE = YES_ERROR;
				CLANG_WARN_DOCUMENTATION_COMMENTS = YES;
				CLANG_WARN_EMPTY_BODY = YES;
				CLANG_WARN_ENUM_CONVERSION = YES;
				CLANG_WARN_INFINITE_RECURSION = YES;
				CLANG_WARN_INT_CONVERSION = YES;
				CLANG_WARN_NON_LITERAL_NULL_CONVERSION = YES;
				CLANG_WARN_OBJC_IMPLICIT_RETAIN_SELF = YES;
				CLANG_WARN_OBJC_LITERAL_CONVERSION = YES;
				CLANG_WARN_OBJC_ROOT_CLASS = YES_ERROR;
				CLANG_WARN_QUOTED_INCLUDE_IN_FRAMEWORK_HEADER = YES;
				CLANG_WARN_RANGE_LOOP_ANALYSIS = YES;
				CLANG_WARN_STRICT_PROTOTYPES = YES;
				CLANG_WARN_SUSPICIOUS_MOVE = YES;
				CLANG_WARN_UNGUARDED_AVAILABILITY = YES_AGGRESSIVE;
				CLANG_WARN_UNREACHABLE_CODE = YES;
				CLANG_WARN__DUPLICATE_METHOD_MATCH = YES;
				COPY_PHASE_STRIP = NO;
				DEBUG_INFORMATION_FORMAT = dwarf;
				ENABLE_STRICT_OBJC_MSGSEND = YES;
				ENABLE_TESTABILITY = YES;
				GCC_C_LANGUAGE_STANDARD = gnu11;
				GCC_DYNAMIC_NO_PIC = NO;
				GCC_NO_COMMON_BLOCKS = YES;
				GCC_OPTIMIZATION_LEVEL = 0;
				GCC_PREPROCESSOR_DEFINITIONS = (
					"DEBUG=1",
					"$(inherited)",
				);
				GCC_WARN_64_TO_32_BIT_CONVERSION = YES;
				GCC_WARN_ABOUT_RETURN_TYPE = YES_ERROR;
				GCC_WARN_UNDECLARED_SELECTOR = YES;
				GCC_WARN_UNINITIALIZED_AUTOS = YES_AGGRESSIVE;
				GCC_WARN_UNUSED_FUNCTION = YES;
				GCC_WARN_UNUSED_VARIABLE = YES;
				IPHONEOS_DEPLOYMENT_TARGET = 14.4;
				MTL_ENABLE_DEBUG_INFO = INCLUDE_SOURCE;
				MTL_FAST_MATH = YES;
				ONLY_ACTIVE_ARCH = YES;
				SDKROOT = iphoneos;
				SWIFT_ACTIVE_COMPILATION_CONDITIONS = DEBUG;
				SWIFT_OPTIMIZATION_LEVEL = "-Onone";
			};
			name = Debug;
		};
		36FB61AD25EF190600859FAD /* Release */ = {
			isa = XCBuildConfiguration;
			buildSettings = {
				ALWAYS_SEARCH_USER_PATHS = NO;
				CLANG_ANALYZER_NONNULL = YES;
				CLANG_ANALYZER_NUMBER_OBJECT_CONVERSION = YES_AGGRESSIVE;
				CLANG_CXX_LANGUAGE_STANDARD = "gnu++14";
				CLANG_CXX_LIBRARY = "libc++";
				CLANG_ENABLE_MODULES = YES;
				CLANG_ENABLE_OBJC_ARC = YES;
				CLANG_ENABLE_OBJC_WEAK = YES;
				CLANG_WARN_BLOCK_CAPTURE_AUTORELEASING = YES;
				CLANG_WARN_BOOL_CONVERSION = YES;
				CLANG_WARN_COMMA = YES;
				CLANG_WARN_CONSTANT_CONVERSION = YES;
				CLANG_WARN_DEPRECATED_OBJC_IMPLEMENTATIONS = YES;
				CLANG_WARN_DIRECT_OBJC_ISA_USAGE = YES_ERROR;
				CLANG_WARN_DOCUMENTATION_COMMENTS = YES;
				CLANG_WARN_EMPTY_BODY = YES;
				CLANG_WARN_ENUM_CONVERSION = YES;
				CLANG_WARN_INFINITE_RECURSION = YES;
				CLANG_WARN_INT_CONVERSION = YES;
				CLANG_WARN_NON_LITERAL_NULL_CONVERSION = YES;
				CLANG_WARN_OBJC_IMPLICIT_RETAIN_SELF = YES;
				CLANG_WARN_OBJC_LITERAL_CONVERSION = YES;
				CLANG_WARN_OBJC_ROOT_CLASS = YES_ERROR;
				CLANG_WARN_QUOTED_INCLUDE_IN_FRAMEWORK_HEADER = YES;
				CLANG_WARN_RANGE_LOOP_ANALYSIS = YES;
				CLANG_WARN_STRICT_PROTOTYPES = YES;
				CLANG_WARN_SUSPICIOUS_MOVE = YES;
				CLANG_WARN_UNGUARDED_AVAILABILITY = YES_AGGRESSIVE;
				CLANG_WARN_UNREACHABLE_CODE = YES;
				CLANG_WARN__DUPLICATE_METHOD_MATCH = YES;
				COPY_PHASE_STRIP = NO;
				DEBUG_INFORMATION_FORMAT = "dwarf-with-dsym";
				ENABLE_NS_ASSERTIONS = NO;
				ENABLE_STRICT_OBJC_MSGSEND = YES;
				GCC_C_LANGUAGE_STANDARD = gnu11;
				GCC_NO_COMMON_BLOCKS = YES;
				GCC_WARN_64_TO_32_BIT_CONVERSION = YES;
				GCC_WARN_ABOUT_RETURN_TYPE = YES_ERROR;
				GCC_WARN_UNDECLARED_SELECTOR = YES;
				GCC_WARN_UNINITIALIZED_AUTOS = YES_AGGRESSIVE;
				GCC_WARN_UNUSED_FUNCTION = YES;
				GCC_WARN_UNUSED_VARIABLE = YES;
				IPHONEOS_DEPLOYMENT_TARGET = 14.4;
				MTL_ENABLE_DEBUG_INFO = NO;
				MTL_FAST_MATH = YES;
				SDKROOT = iphoneos;
				SWIFT_COMPILATION_MODE = wholemodule;
				SWIFT_OPTIMIZATION_LEVEL = "-O";
				VALIDATE_PRODUCT = YES;
			};
			name = Release;
		};
		36FB61AF25EF190600859FAD /* Debug */ = {
			isa = XCBuildConfiguration;
			buildSettings = {
				ASSETCATALOG_COMPILER_APPICON_NAME = AppIcon;
				ASSETCATALOG_COMPILER_GLOBAL_ACCENT_COLOR_NAME = AccentColor;
				CODE_SIGN_STYLE = Automatic;
				DEVELOPMENT_TEAM = M2KG87RZWM;
				INFOPLIST_FILE = DataCoreSample/Info.plist;
				LD_RUNPATH_SEARCH_PATHS = (
					"$(inherited)",
					"@executable_path/Frameworks",
				);
				PRODUCT_BUNDLE_IDENTIFIER = br.com.neitzke.DataCoreSample;
				PRODUCT_NAME = "$(TARGET_NAME)";
				SWIFT_VERSION = 5.0;
				TARGETED_DEVICE_FAMILY = "1,2";
			};
			name = Debug;
		};
		36FB61B025EF190600859FAD /* Release */ = {
			isa = XCBuildConfiguration;
			buildSettings = {
				ASSETCATALOG_COMPILER_APPICON_NAME = AppIcon;
				ASSETCATALOG_COMPILER_GLOBAL_ACCENT_COLOR_NAME = AccentColor;
				CODE_SIGN_STYLE = Automatic;
				DEVELOPMENT_TEAM = M2KG87RZWM;
				INFOPLIST_FILE = DataCoreSample/Info.plist;
				LD_RUNPATH_SEARCH_PATHS = (
					"$(inherited)",
					"@executable_path/Frameworks",
				);
				PRODUCT_BUNDLE_IDENTIFIER = br.com.neitzke.DataCoreSample;
				PRODUCT_NAME = "$(TARGET_NAME)";
				SWIFT_VERSION = 5.0;
				TARGETED_DEVICE_FAMILY = "1,2";
			};
			name = Release;
		};
/* End XCBuildConfiguration section */

/* Begin XCConfigurationList section */
		36FB619225EF190500859FAD /* Build configuration list for PBXProject "DataCoreSample" */ = {
			isa = XCConfigurationList;
			buildConfigurations = (
				36FB61AC25EF190600859FAD /* Debug */,
				36FB61AD25EF190600859FAD /* Release */,
			);
			defaultConfigurationIsVisible = 0;
			defaultConfigurationName = Release;
		};
		36FB61AE25EF190600859FAD /* Build configuration list for PBXNativeTarget "DataCoreSample" */ = {
			isa = XCConfigurationList;
			buildConfigurations = (
				36FB61AF25EF190600859FAD /* Debug */,
				36FB61B025EF190600859FAD /* Release */,
			);
			defaultConfigurationIsVisible = 0;
			defaultConfigurationName = Release;
		};
/* End XCConfigurationList section */

/* Begin XCVersionGroup section */
		36FB61A325EF190500859FAD /* DataCoreSample.xcdatamodeld */ = {
			isa = XCVersionGroup;
			children = (
				36FB61A425EF190500859FAD /* DataCoreSample.xcdatamodel */,
			);
			currentVersion = 36FB61A425EF190500859FAD /* DataCoreSample.xcdatamodel */;
			path = DataCoreSample.xcdatamodeld;
			sourceTree = "<group>";
			versionGroupType = wrapper.xcdatamodel;
		};
/* End XCVersionGroup section */
	};
	rootObject = 36FB618F25EF190500859FAD /* Project object */;
}
